
Microsoft Visual Studio Solution File, Format Version 12.00
# Visual Studio Version 17
VisualStudioVersion = 17.4.33103.184
MinimumVisualStudioVersion = 10.0.40219.1
Project("{9A19103F-16F7-4668-BE54-9A1E7A4F7556}") = "DotNetVersions", "DotNetVersions.csproj", "{75F0C7DF-0A49-4CF1-A31D-360219E169D9}"
EndProject
Global
	GlobalSection(SolutionConfigurationPlatforms) = preSolution
		Debug|Any CPU = Debug|Any CPU
		Release|Any CPU = Release|Any CPU
	EndGlobalSection
	GlobalSection(ProjectConfigurationPlatforms) = postSolution
		{75F0C7DF-0A49-4CF1-A31D-360219E169D9}.Debug|Any CPU.ActiveCfg = Debug|Any CPU
		{75F0C7DF-0A49-4CF1-A31D-360219E169D9}.Debug|Any CPU.Build.0 = Debug|Any CPU
		{75F0C7DF-0A49-4CF1-A31D-360219E169D9}.Release|Any CPU.ActiveCfg = Release|Any CPU
		{75F0C7DF-0A49-4CF1-A31D-360219E169D9}.Release|Any CPU.Build.0 = Release|Any CPU
	EndGlobalSection
	GlobalSection(SolutionProperties) = preSolution
		HideSolutionNode = FALSE
	EndGlobalSection
	GlobalSection(ExtensibilityGlobals) = postSolution
		SolutionGuid = {BE44723E-F13E-4F9E-8386-6BF7C2C4E1BD}
	EndGlobalSection
EndGlobal
